
Microsoft Visual Studio Solution File, Format Version 12.00
# Visual Studio 15
VisualStudioVersion = 15.0.26730.10
MinimumVisualStudioVersion = 10.0.40219.1
Project("{FAE04EC0-301F-11D3-BF4B-00C04F79EFBC}") = "dnorwoodBugTracker", "dnorwoodBugTracker\dnorwoodBugTracker.csproj", "{520194D4-C5AB-4C58-B1DD-CCBB5C07FF86}"
EndProject
Global
	GlobalSection(SolutionConfigurationPlatforms) = preSolution
		Debug|Any CPU = Debug|Any CPU
		Release|Any CPU = Release|Any CPU
	EndGlobalSection
	GlobalSection(ProjectConfigurationPlatforms) = postSolution
		{520194D4-C5AB-4C58-B1DD-CCBB5C07FF86}.Debug|Any CPU.ActiveCfg = Debug|Any CPU
		{520194D4-C5AB-4C58-B1DD-CCBB5C07FF86}.Debug|Any CPU.Build.0 = Debug|Any CPU
		{520194D4-C5AB-4C58-B1DD-CCBB5C07FF86}.Release|Any CPU.ActiveCfg = Release|Any CPU
		{520194D4-C5AB-4C58-B1DD-CCBB5C07FF86}.Release|Any CPU.Build.0 = Release|Any CPU
	EndGlobalSection
	GlobalSection(SolutionProperties) = preSolution
		HideSolutionNode = FALSE
	EndGlobalSection
	GlobalSection(ExtensibilityGlobals) = postSolution
		SolutionGuid = {33BA8F44-A6EA-4499-984B-2E99BBA4E996}
	EndGlobalSection
EndGlobal
